
Microsoft Visual Studio Solution File, Format Version 12.00
# Visual Studio Version 17
VisualStudioVersion = 17.9.34714.143
MinimumVisualStudioVersion = 10.0.40219.1
Project("{9A19103F-16F7-4668-BE54-9A1E7A4F7556}") = "orkut2.0.Rest", "orkut2.0.Rest\orkut2.0.Rest.csproj", "{75780BBE-FC9F-4647-89AC-92A623E1D8D2}"
EndProject
Project("{9A19103F-16F7-4668-BE54-9A1E7A4F7556}") = "orkut2.0.Contracts", "orkut2.0.Contracts\orkut2.0.Contracts.csproj", "{6B1E78F9-0AD4-4133-9618-D283B44CC976}"
EndProject
Project("{FAE04EC0-301F-11D3-BF4B-00C04F79EFBC}") = "orkut2.0.Application", "orkut2.0.Application\orkut2.0.Application.csproj", "{2C49B9D9-0FC1-4226-94D4-6371DC223AA0}"
EndProject
Global
	GlobalSection(SolutionConfigurationPlatforms) = preSolution
		Debug|Any CPU = Debug|Any CPU
		Release|Any CPU = Release|Any CPU
	EndGlobalSection
	GlobalSection(ProjectConfigurationPlatforms) = postSolution
		{75780BBE-FC9F-4647-89AC-92A623E1D8D2}.Debug|Any CPU.ActiveCfg = Debug|Any CPU
		{75780BBE-FC9F-4647-89AC-92A623E1D8D2}.Debug|Any CPU.Build.0 = Debug|Any CPU
		{75780BBE-FC9F-4647-89AC-92A623E1D8D2}.Release|Any CPU.ActiveCfg = Release|Any CPU
		{75780BBE-FC9F-4647-89AC-92A623E1D8D2}.Release|Any CPU.Build.0 = Release|Any CPU
		{6B1E78F9-0AD4-4133-9618-D283B44CC976}.Debug|Any CPU.ActiveCfg = Debug|Any CPU
		{6B1E78F9-0AD4-4133-9618-D283B44CC976}.Debug|Any CPU.Build.0 = Debug|Any CPU
		{6B1E78F9-0AD4-4133-9618-D283B44CC976}.Release|Any CPU.ActiveCfg = Release|Any CPU
		{6B1E78F9-0AD4-4133-9618-D283B44CC976}.Release|Any CPU.Build.0 = Release|Any CPU
		{2C49B9D9-0FC1-4226-94D4-6371DC223AA0}.Debug|Any CPU.ActiveCfg = Debug|Any CPU
		{2C49B9D9-0FC1-4226-94D4-6371DC223AA0}.Debug|Any CPU.Build.0 = Debug|Any CPU
		{2C49B9D9-0FC1-4226-94D4-6371DC223AA0}.Release|Any CPU.ActiveCfg = Release|Any CPU
		{2C49B9D9-0FC1-4226-94D4-6371DC223AA0}.Release|Any CPU.Build.0 = Release|Any CPU
	EndGlobalSection
	GlobalSection(SolutionProperties) = preSolution
		HideSolutionNode = FALSE
	EndGlobalSection
	GlobalSection(ExtensibilityGlobals) = postSolution
		SolutionGuid = {76267C8F-E803-4FD2-877B-5A466C6F4350}
	EndGlobalSection
EndGlobal
